// !$*UTF8*$!
{
	archiveVersion = 1;
	classes = {
	};
	objectVersion = 46;
	objects = {

/* Begin PBXBuildFile section */
		071D1BDE1CD7EFAB00A762CC /* MainInterface.storyboard in Resources */ = {isa = PBXBuildFile; fileRef = 07FFA43B1CD7DC7B00F03350 /* MainInterface.storyboard */; };
		071D1BDF1CD7EFAC00A762CC /* MainInterface.storyboard in Resources */ = {isa = PBXBuildFile; fileRef = 07FFA43B1CD7DC7B00F03350 /* MainInterface.storyboard */; };
		071D1BE21CD83DFF00A762CC /* DCA.h in Headers */ = {isa = PBXBuildFile; fileRef = 071D1BE01CD83DFF00A762CC /* DCA.h */; };
		071D1BE31CD83DFF00A762CC /* DCA.m in Sources */ = {isa = PBXBuildFile; fileRef = 071D1BE11CD83DFF00A762CC /* DCA.m */; };
		071D1BEC1CD9931E00A762CC /* EnvelopeGenerator.h in Headers */ = {isa = PBXBuildFile; fileRef = 071D1BEA1CD9931E00A762CC /* EnvelopeGenerator.h */; };
		071D1BED1CD9931E00A762CC /* EnvelopeGenerator.m in Sources */ = {isa = PBXBuildFile; fileRef = 071D1BEB1CD9931E00A762CC /* EnvelopeGenerator.m */; };
		071D1BF11CDD6D2000A762CC /* EnvelopeGeneratorViewController.h in Headers */ = {isa = PBXBuildFile; fileRef = 071D1BEF1CDD6D2000A762CC /* EnvelopeGeneratorViewController.h */; };
		071D1BF21CDD6D2000A762CC /* EnvelopeGeneratorViewController.m in Sources */ = {isa = PBXBuildFile; fileRef = 071D1BF01CDD6D2000A762CC /* EnvelopeGeneratorViewController.m */; };
		071D1BF51CE1785200A762CC /* DCAViewController.h in Headers */ = {isa = PBXBuildFile; fileRef = 071D1BF31CE1785200A762CC /* DCAViewController.h */; };
		071D1BF61CE1785200A762CC /* DCAViewController.m in Sources */ = {isa = PBXBuildFile; fileRef = 071D1BF41CE1785200A762CC /* DCAViewController.m */; };
		071D1BF91CE185CB00A762CC /* OscillatorViewController.h in Headers */ = {isa = PBXBuildFile; fileRef = 071D1BF71CE185CB00A762CC /* OscillatorViewController.h */; };
		071D1BFA1CE185CB00A762CC /* OscillatorViewController.m in Sources */ = {isa = PBXBuildFile; fileRef = 071D1BF81CE185CB00A762CC /* OscillatorViewController.m */; };
		07407EE71CD5A1D800BBE231 /* AudioEngine.m in Sources */ = {isa = PBXBuildFile; fileRef = 07407EE61CD5A1D800BBE231 /* AudioEngine.m */; };
		07407EED1CD5A1ED00BBE231 /* MIDILogs.m in Sources */ = {isa = PBXBuildFile; fileRef = 07407EEA1CD5A1ED00BBE231 /* MIDILogs.m */; };
		07407EEE1CD5A1ED00BBE231 /* MIDIManager.m in Sources */ = {isa = PBXBuildFile; fileRef = 07407EEC1CD5A1ED00BBE231 /* MIDIManager.m */; };
		07407EF81CD5A20F00BBE231 /* AppDelegate.m in Sources */ = {isa = PBXBuildFile; fileRef = 07407EF01CD5A20F00BBE231 /* AppDelegate.m */; };
		07407EF91CD5A20F00BBE231 /* Assets.xcassets in Resources */ = {isa = PBXBuildFile; fileRef = 07407EF11CD5A20F00BBE231 /* Assets.xcassets */; };
		07407EFC1CD5A20F00BBE231 /* main.m in Sources */ = {isa = PBXBuildFile; fileRef = 07407EF41CD5A20F00BBE231 /* main.m */; };
		07407EFD1CD5A20F00BBE231 /* MainViewController.m in Sources */ = {isa = PBXBuildFile; fileRef = 07407EF61CD5A20F00BBE231 /* MainViewController.m */; };
		07407F021CD5A23600BBE231 /* LaunchScreen.storyboard in Resources */ = {isa = PBXBuildFile; fileRef = 07407EFE1CD5A23600BBE231 /* LaunchScreen.storyboard */; };
		07407F031CD5A23600BBE231 /* Main.storyboard in Resources */ = {isa = PBXBuildFile; fileRef = 07407F001CD5A23600BBE231 /* Main.storyboard */; };
		075D4F0D1CCB232D001D95E4 /* SynthExtension.appex in Embed App Extensions */ = {isa = PBXBuildFile; fileRef = 075D4EFF1CCB232D001D95E4 /* SynthExtension.appex */; settings = {ATTRIBUTES = (RemoveHeadersOnCopy, ); }; };
		075D4F111CCB234A001D95E4 /* SynthFramework.framework in Frameworks */ = {isa = PBXBuildFile; fileRef = 07DBB1B51CCB00F900D68648 /* SynthFramework.framework */; };
		07DBB1BC1CCB00F900D68648 /* SynthFramework.framework in Frameworks */ = {isa = PBXBuildFile; fileRef = 07DBB1B51CCB00F900D68648 /* SynthFramework.framework */; };
		07DBB1BD1CCB00F900D68648 /* SynthFramework.framework in Embed Frameworks */ = {isa = PBXBuildFile; fileRef = 07DBB1B51CCB00F900D68648 /* SynthFramework.framework */; settings = {ATTRIBUTES = (CodeSignOnCopy, RemoveHeadersOnCopy, ); }; };
		07FFA4371CD7DC7100F03350 /* Info.plist in Resources */ = {isa = PBXBuildFile; fileRef = 07FFA42D1CD7DC7100F03350 /* Info.plist */; };
		07FFA43D1CD7DC7B00F03350 /* MainInterface.storyboard in Resources */ = {isa = PBXBuildFile; fileRef = 07FFA43B1CD7DC7B00F03350 /* MainInterface.storyboard */; };
		07FFA4411CD7DCA300F03350 /* Info.plist in Resources */ = {isa = PBXBuildFile; fileRef = 07FFA43E1CD7DCA300F03350 /* Info.plist */; };
		07FFA4431CD7DCED00F03350 /* SynthAUViewController+AUAudioUnitFactory.m in Sources */ = {isa = PBXBuildFile; fileRef = 07FFA4401CD7DCA300F03350 /* SynthAUViewController+AUAudioUnitFactory.m */; };
		07FFA4441CD7DD1B00F03350 /* DSPKernel.mm in Sources */ = {isa = PBXBuildFile; fileRef = 07FFA4251CD7DC3800F03350 /* DSPKernel.mm */; };
		07FFA4451CD7DD1B00F03350 /* MIDIEvent.m in Sources */ = {isa = PBXBuildFile; fileRef = 07FFA4281CD7DC4700F03350 /* MIDIEvent.m */; };
		07FFA4461CD7DD1B00F03350 /* Oscillator.m in Sources */ = {isa = PBXBuildFile; fileRef = 07FFA42B1CD7DC5500F03350 /* Oscillator.m */; };
		07FFA4471CD7DD1B00F03350 /* SynthAU.mm in Sources */ = {isa = PBXBuildFile; fileRef = 07FFA42F1CD7DC7100F03350 /* SynthAU.mm */; };
		07FFA4491CD7DD1B00F03350 /* SynthProc.mm in Sources */ = {isa = PBXBuildFile; fileRef = 07FFA4351CD7DC7100F03350 /* SynthProc.mm */; };
		07FFA44A1CD7DD3200F03350 /* BufferedAudioBus.hpp in Headers */ = {isa = PBXBuildFile; fileRef = 07FFA4231CD7DC3800F03350 /* BufferedAudioBus.hpp */; };
		07FFA44B1CD7DD3200F03350 /* DSPKernel.hpp in Headers */ = {isa = PBXBuildFile; fileRef = 07FFA4241CD7DC3800F03350 /* DSPKernel.hpp */; };
		07FFA44C1CD7DD3200F03350 /* MIDIEvent.h in Headers */ = {isa = PBXBuildFile; fileRef = 07FFA4271CD7DC4700F03350 /* MIDIEvent.h */; };
		07FFA44D1CD7DD3200F03350 /* Oscillator.h in Headers */ = {isa = PBXBuildFile; fileRef = 07FFA42A1CD7DC5500F03350 /* Oscillator.h */; };
		07FFA44E1CD7DD3200F03350 /* SynthAU.h in Headers */ = {isa = PBXBuildFile; fileRef = 07FFA42E1CD7DC7100F03350 /* SynthAU.h */; settings = {ATTRIBUTES = (Public, ); }; };
		07FFA44F1CD7DD3200F03350 /* SynthAUViewController.h in Headers */ = {isa = PBXBuildFile; fileRef = 07FFA4301CD7DC7100F03350 /* SynthAUViewController.h */; settings = {ATTRIBUTES = (Public, ); }; };
		07FFA4501CD7DD3200F03350 /* SynthConstants.h in Headers */ = {isa = PBXBuildFile; fileRef = 07FFA4321CD7DC7100F03350 /* SynthConstants.h */; settings = {ATTRIBUTES = (Public, ); }; };
		07FFA4511CD7DD3200F03350 /* SynthProc.hpp in Headers */ = {isa = PBXBuildFile; fileRef = 07FFA4341CD7DC7100F03350 /* SynthProc.hpp */; };
		07FFA4521CD7DD3200F03350 /* Utility.hpp in Headers */ = {isa = PBXBuildFile; fileRef = 07FFA4361CD7DC7100F03350 /* Utility.hpp */; };
		07FFA4531CD7DD3200F03350 /* SynthFramework.h in Headers */ = {isa = PBXBuildFile; fileRef = 07FFA4331CD7DC7100F03350 /* SynthFramework.h */; settings = {ATTRIBUTES = (Public, ); }; };
		07FFA4561CD7DFB800F03350 /* SynthAUViewController.m in Sources */ = {isa = PBXBuildFile; fileRef = 07FFA4541CD7DFA400F03350 /* SynthAUViewController.m */; };
/* End PBXBuildFile section */

/* Begin PBXContainerItemProxy section */
		075D4F0B1CCB232D001D95E4 /* PBXContainerItemProxy */ = {
			isa = PBXContainerItemProxy;
			containerPortal = 07FC1E7D1CC09D2C00C4AD6B /* Project object */;
			proxyType = 1;
			remoteGlobalIDString = 075D4EFE1CCB232D001D95E4;
			remoteInfo = WaveSynthExtension;
		};
		0765D8971CCF0C8400DE7A19 /* PBXContainerItemProxy */ = {
			isa = PBXContainerItemProxy;
			containerPortal = 07FC1E7D1CC09D2C00C4AD6B /* Project object */;
			proxyType = 1;
			remoteGlobalIDString = 07DBB1B41CCB00F900D68648;
			remoteInfo = WaveSynthFramework;
		};
		07DBB1BA1CCB00F900D68648 /* PBXContainerItemProxy */ = {
			isa = PBXContainerItemProxy;
			containerPortal = 07FC1E7D1CC09D2C00C4AD6B /* Project object */;
			proxyType = 1;
			remoteGlobalIDString = 07DBB1B41CCB00F900D68648;
			remoteInfo = WaveSynthFramework;
		};
/* End PBXContainerItemProxy section */

/* Begin PBXCopyFilesBuildPhase section */
		07DBB1491CC71B3A00D68648 /* Embed App Extensions */ = {
			isa = PBXCopyFilesBuildPhase;
			buildActionMask = 2147483647;
			dstPath = "";
			dstSubfolderSpec = 13;
			files = (
				075D4F0D1CCB232D001D95E4 /* SynthExtension.appex in Embed App Extensions */,
			);
			name = "Embed App Extensions";
			runOnlyForDeploymentPostprocessing = 0;
		};
		07DBB1C11CCB00F900D68648 /* Embed Frameworks */ = {
			isa = PBXCopyFilesBuildPhase;
			buildActionMask = 2147483647;
			dstPath = "";
			dstSubfolderSpec = 10;
			files = (
				07DBB1BD1CCB00F900D68648 /* SynthFramework.framework in Embed Frameworks */,
			);
			name = "Embed Frameworks";
			runOnlyForDeploymentPostprocessing = 0;
		};
/* End PBXCopyFilesBuildPhase section */

/* Begin PBXFileReference section */
		071D1BE01CD83DFF00A762CC /* DCA.h */ = {isa = PBXFileReference; fileEncoding = 4; lastKnownFileType = sourcecode.c.h; name = DCA.h; path = SynthFramework/DCA/DCA.h; sourceTree = SOURCE_ROOT; };
		071D1BE11CD83DFF00A762CC /* DCA.m */ = {isa = PBXFileReference; fileEncoding = 4; lastKnownFileType = sourcecode.c.objc; name = DCA.m; path = SynthFramework/DCA/DCA.m; sourceTree = SOURCE_ROOT; };
		071D1BEA1CD9931E00A762CC /* EnvelopeGenerator.h */ = {isa = PBXFileReference; fileEncoding = 4; lastKnownFileType = sourcecode.c.h; name = EnvelopeGenerator.h; path = SynthFramework/EnvelopeGenerator/EnvelopeGenerator.h; sourceTree = SOURCE_ROOT; };
		071D1BEB1CD9931E00A762CC /* EnvelopeGenerator.m */ = {isa = PBXFileReference; fileEncoding = 4; lastKnownFileType = sourcecode.c.objc; name = EnvelopeGenerator.m; path = SynthFramework/EnvelopeGenerator/EnvelopeGenerator.m; sourceTree = SOURCE_ROOT; };
		071D1BEF1CDD6D2000A762CC /* EnvelopeGeneratorViewController.h */ = {isa = PBXFileReference; fileEncoding = 4; lastKnownFileType = sourcecode.c.h; name = EnvelopeGeneratorViewController.h; path = SynthFramework/EnvelopeGenerator/EnvelopeGeneratorViewController.h; sourceTree = SOURCE_ROOT; };
		071D1BF01CDD6D2000A762CC /* EnvelopeGeneratorViewController.m */ = {isa = PBXFileReference; fileEncoding = 4; lastKnownFileType = sourcecode.c.objc; name = EnvelopeGeneratorViewController.m; path = SynthFramework/EnvelopeGenerator/EnvelopeGeneratorViewController.m; sourceTree = SOURCE_ROOT; };
		071D1BF31CE1785200A762CC /* DCAViewController.h */ = {isa = PBXFileReference; fileEncoding = 4; lastKnownFileType = sourcecode.c.h; name = DCAViewController.h; path = SynthFramework/DCA/DCAViewController.h; sourceTree = SOURCE_ROOT; };
		071D1BF41CE1785200A762CC /* DCAViewController.m */ = {isa = PBXFileReference; fileEncoding = 4; lastKnownFileType = sourcecode.c.objc; name = DCAViewController.m; path = SynthFramework/DCA/DCAViewController.m; sourceTree = SOURCE_ROOT; };
		071D1BF71CE185CB00A762CC /* OscillatorViewController.h */ = {isa = PBXFileReference; fileEncoding = 4; lastKnownFileType = sourcecode.c.h; name = OscillatorViewController.h; path = SynthFramework/Oscillator/OscillatorViewController.h; sourceTree = SOURCE_ROOT; };
		071D1BF81CE185CB00A762CC /* OscillatorViewController.m */ = {isa = PBXFileReference; fileEncoding = 4; lastKnownFileType = sourcecode.c.objc; name = OscillatorViewController.m; path = SynthFramework/Oscillator/OscillatorViewController.m; sourceTree = SOURCE_ROOT; };
		07407EE51CD5A1D800BBE231 /* AudioEngine.h */ = {isa = PBXFileReference; fileEncoding = 4; lastKnownFileType = sourcecode.c.h; name = AudioEngine.h; path = "BasicSynth/Audio Engine/AudioEngine.h"; sourceTree = SOURCE_ROOT; };
		07407EE61CD5A1D800BBE231 /* AudioEngine.m */ = {isa = PBXFileReference; fileEncoding = 4; lastKnownFileType = sourcecode.c.objc; name = AudioEngine.m; path = "BasicSynth/Audio Engine/AudioEngine.m"; sourceTree = SOURCE_ROOT; };
		07407EE81CD5A1ED00BBE231 /* MIDIConstants.h */ = {isa = PBXFileReference; fileEncoding = 4; lastKnownFileType = sourcecode.c.h; name = MIDIConstants.h; path = BasicSynth/MIDI/MIDIConstants.h; sourceTree = SOURCE_ROOT; };
		07407EE91CD5A1ED00BBE231 /* MIDILogs.h */ = {isa = PBXFileReference; fileEncoding = 4; lastKnownFileType = sourcecode.c.h; name = MIDILogs.h; path = BasicSynth/MIDI/MIDILogs.h; sourceTree = SOURCE_ROOT; };
		07407EEA1CD5A1ED00BBE231 /* MIDILogs.m */ = {isa = PBXFileReference; fileEncoding = 4; lastKnownFileType = sourcecode.c.objc; name = MIDILogs.m; path = BasicSynth/MIDI/MIDILogs.m; sourceTree = SOURCE_ROOT; };
		07407EEB1CD5A1ED00BBE231 /* MIDIManager.h */ = {isa = PBXFileReference; fileEncoding = 4; lastKnownFileType = sourcecode.c.h; name = MIDIManager.h; path = BasicSynth/MIDI/MIDIManager.h; sourceTree = SOURCE_ROOT; };
		07407EEC1CD5A1ED00BBE231 /* MIDIManager.m */ = {isa = PBXFileReference; fileEncoding = 4; lastKnownFileType = sourcecode.c.objc; name = MIDIManager.m; path = BasicSynth/MIDI/MIDIManager.m; sourceTree = SOURCE_ROOT; };
		07407EEF1CD5A20F00BBE231 /* AppDelegate.h */ = {isa = PBXFileReference; fileEncoding = 4; lastKnownFileType = sourcecode.c.h; name = AppDelegate.h; path = BasicSynth/AppDelegate.h; sourceTree = SOURCE_ROOT; };
		07407EF01CD5A20F00BBE231 /* AppDelegate.m */ = {isa = PBXFileReference; fileEncoding = 4; lastKnownFileType = sourcecode.c.objc; name = AppDelegate.m; path = BasicSynth/AppDelegate.m; sourceTree = SOURCE_ROOT; };
		07407EF11CD5A20F00BBE231 /* Assets.xcassets */ = {isa = PBXFileReference; lastKnownFileType = folder.assetcatalog; name = Assets.xcassets; path = BasicSynth/Assets.xcassets; sourceTree = SOURCE_ROOT; };
		07407EF31CD5A20F00BBE231 /* Info.plist */ = {isa = PBXFileReference; fileEncoding = 4; lastKnownFileType = text.plist.xml; name = Info.plist; path = BasicSynth/Info.plist; sourceTree = SOURCE_ROOT; };
		07407EF41CD5A20F00BBE231 /* main.m */ = {isa = PBXFileReference; fileEncoding = 4; lastKnownFileType = sourcecode.c.objc; name = main.m; path = BasicSynth/main.m; sourceTree = SOURCE_ROOT; };
		07407EF51CD5A20F00BBE231 /* MainViewController.h */ = {isa = PBXFileReference; fileEncoding = 4; lastKnownFileType = sourcecode.c.h; name = MainViewController.h; path = BasicSynth/MainViewController.h; sourceTree = SOURCE_ROOT; };
		07407EF61CD5A20F00BBE231 /* MainViewController.m */ = {isa = PBXFileReference; fileEncoding = 4; lastKnownFileType = sourcecode.c.objc; name = MainViewController.m; path = BasicSynth/MainViewController.m; sourceTree = SOURCE_ROOT; };
		07407EF71CD5A20F00BBE231 /* Utility.h */ = {isa = PBXFileReference; fileEncoding = 4; lastKnownFileType = sourcecode.c.h; name = Utility.h; path = BasicSynth/Utility.h; sourceTree = SOURCE_ROOT; };
		07407EFF1CD5A23600BBE231 /* Base */ = {isa = PBXFileReference; lastKnownFileType = file.storyboard; name = Base; path = BasicSynth/Base.lproj/LaunchScreen.storyboard; sourceTree = SOURCE_ROOT; };
		07407F011CD5A23600BBE231 /* Base */ = {isa = PBXFileReference; lastKnownFileType = file.storyboard; name = Base; path = BasicSynth/Base.lproj/Main.storyboard; sourceTree = SOURCE_ROOT; };
		075D4EFF1CCB232D001D95E4 /* SynthExtension.appex */ = {isa = PBXFileReference; explicitFileType = "wrapper.app-extension"; includeInIndex = 0; path = SynthExtension.appex; sourceTree = BUILT_PRODUCTS_DIR; };
		07DBB1B51CCB00F900D68648 /* SynthFramework.framework */ = {isa = PBXFileReference; explicitFileType = wrapper.framework; includeInIndex = 0; path = SynthFramework.framework; sourceTree = BUILT_PRODUCTS_DIR; };
		07FC1E851CC09D2D00C4AD6B /* BasicSynth.app */ = {isa = PBXFileReference; explicitFileType = wrapper.application; includeInIndex = 0; path = BasicSynth.app; sourceTree = BUILT_PRODUCTS_DIR; };
		07FFA4231CD7DC3800F03350 /* BufferedAudioBus.hpp */ = {isa = PBXFileReference; fileEncoding = 4; lastKnownFileType = sourcecode.cpp.h; name = BufferedAudioBus.hpp; path = SynthFramework/DSPKernel/BufferedAudioBus.hpp; sourceTree = SOURCE_ROOT; };
		07FFA4241CD7DC3800F03350 /* DSPKernel.hpp */ = {isa = PBXFileReference; fileEncoding = 4; lastKnownFileType = sourcecode.cpp.h; name = DSPKernel.hpp; path = SynthFramework/DSPKernel/DSPKernel.hpp; sourceTree = SOURCE_ROOT; };
		07FFA4251CD7DC3800F03350 /* DSPKernel.mm */ = {isa = PBXFileReference; fileEncoding = 4; lastKnownFileType = sourcecode.cpp.objcpp; name = DSPKernel.mm; path = SynthFramework/DSPKernel/DSPKernel.mm; sourceTree = SOURCE_ROOT; };
		07FFA4271CD7DC4700F03350 /* MIDIEvent.h */ = {isa = PBXFileReference; fileEncoding = 4; lastKnownFileType = sourcecode.c.h; name = MIDIEvent.h; path = SynthFramework/MIDIEvent/MIDIEvent.h; sourceTree = SOURCE_ROOT; };
		07FFA4281CD7DC4700F03350 /* MIDIEvent.m */ = {isa = PBXFileReference; fileEncoding = 4; lastKnownFileType = sourcecode.c.objc; name = MIDIEvent.m; path = SynthFramework/MIDIEvent/MIDIEvent.m; sourceTree = SOURCE_ROOT; };
		07FFA42A1CD7DC5500F03350 /* Oscillator.h */ = {isa = PBXFileReference; fileEncoding = 4; lastKnownFileType = sourcecode.c.h; name = Oscillator.h; path = SynthFramework/Oscillator/Oscillator.h; sourceTree = SOURCE_ROOT; };
		07FFA42B1CD7DC5500F03350 /* Oscillator.m */ = {isa = PBXFileReference; fileEncoding = 4; lastKnownFileType = sourcecode.c.objc; name = Oscillator.m; path = SynthFramework/Oscillator/Oscillator.m; sourceTree = SOURCE_ROOT; };
		07FFA42D1CD7DC7100F03350 /* Info.plist */ = {isa = PBXFileReference; fileEncoding = 4; lastKnownFileType = text.plist.xml; name = Info.plist; path = SynthFramework/Info.plist; sourceTree = SOURCE_ROOT; };
		07FFA42E1CD7DC7100F03350 /* SynthAU.h */ = {isa = PBXFileReference; fileEncoding = 4; lastKnownFileType = sourcecode.c.h; name = SynthAU.h; path = SynthFramework/SynthAU.h; sourceTree = SOURCE_ROOT; };
		07FFA42F1CD7DC7100F03350 /* SynthAU.mm */ = {isa = PBXFileReference; fileEncoding = 4; lastKnownFileType = sourcecode.cpp.objcpp; name = SynthAU.mm; path = SynthFramework/SynthAU.mm; sourceTree = SOURCE_ROOT; };
		07FFA4301CD7DC7100F03350 /* SynthAUViewController.h */ = {isa = PBXFileReference; fileEncoding = 4; lastKnownFileType = sourcecode.c.h; name = SynthAUViewController.h; path = SynthFramework/SynthAUViewController.h; sourceTree = SOURCE_ROOT; };
		07FFA4321CD7DC7100F03350 /* SynthConstants.h */ = {isa = PBXFileReference; fileEncoding = 4; lastKnownFileType = sourcecode.c.h; name = SynthConstants.h; path = SynthFramework/SynthConstants.h; sourceTree = SOURCE_ROOT; };
		07FFA4331CD7DC7100F03350 /* SynthFramework.h */ = {isa = PBXFileReference; fileEncoding = 4; lastKnownFileType = sourcecode.c.h; name = SynthFramework.h; path = SynthFramework/SynthFramework.h; sourceTree = SOURCE_ROOT; };
		07FFA4341CD7DC7100F03350 /* SynthProc.hpp */ = {isa = PBXFileReference; fileEncoding = 4; lastKnownFileType = sourcecode.cpp.h; name = SynthProc.hpp; path = SynthFramework/SynthProc.hpp; sourceTree = SOURCE_ROOT; };
		07FFA4351CD7DC7100F03350 /* SynthProc.mm */ = {isa = PBXFileReference; fileEncoding = 4; lastKnownFileType = sourcecode.cpp.objcpp; name = SynthProc.mm; path = SynthFramework/SynthProc.mm; sourceTree = SOURCE_ROOT; };
		07FFA4361CD7DC7100F03350 /* Utility.hpp */ = {isa = PBXFileReference; fileEncoding = 4; lastKnownFileType = sourcecode.cpp.h; name = Utility.hpp; path = SynthFramework/Utility.hpp; sourceTree = SOURCE_ROOT; };
		07FFA43C1CD7DC7B00F03350 /* Base */ = {isa = PBXFileReference; lastKnownFileType = file.storyboard; name = Base; path = SynthFramework/Base.lproj/MainInterface.storyboard; sourceTree = SOURCE_ROOT; };
		07FFA43E1CD7DCA300F03350 /* Info.plist */ = {isa = PBXFileReference; fileEncoding = 4; lastKnownFileType = text.plist.xml; name = Info.plist; path = SynthExtension/Info.plist; sourceTree = SOURCE_ROOT; };
		07FFA43F1CD7DCA300F03350 /* SynthAUViewController+AUAudioUnitFactory.h */ = {isa = PBXFileReference; fileEncoding = 4; lastKnownFileType = sourcecode.c.h; name = "SynthAUViewController+AUAudioUnitFactory.h"; path = "SynthExtension/SynthAUViewController+AUAudioUnitFactory.h"; sourceTree = SOURCE_ROOT; };
		07FFA4401CD7DCA300F03350 /* SynthAUViewController+AUAudioUnitFactory.m */ = {isa = PBXFileReference; fileEncoding = 4; lastKnownFileType = sourcecode.c.objc; name = "SynthAUViewController+AUAudioUnitFactory.m"; path = "SynthExtension/SynthAUViewController+AUAudioUnitFactory.m"; sourceTree = SOURCE_ROOT; };
		07FFA4541CD7DFA400F03350 /* SynthAUViewController.m */ = {isa = PBXFileReference; fileEncoding = 4; lastKnownFileType = sourcecode.c.objc; name = SynthAUViewController.m; path = SynthFramework/SynthAUViewController.m; sourceTree = SOURCE_ROOT; };
/* End PBXFileReference section */

/* Begin PBXFrameworksBuildPhase section */
		075D4EFC1CCB232D001D95E4 /* Frameworks */ = {
			isa = PBXFrameworksBuildPhase;
			buildActionMask = 2147483647;
			files = (
				075D4F111CCB234A001D95E4 /* SynthFramework.framework in Frameworks */,
			);
			runOnlyForDeploymentPostprocessing = 0;
		};
		07DBB1B11CCB00F900D68648 /* Frameworks */ = {
			isa = PBXFrameworksBuildPhase;
			buildActionMask = 2147483647;
			files = (
			);
			runOnlyForDeploymentPostprocessing = 0;
		};
		07FC1E821CC09D2C00C4AD6B /* Frameworks */ = {
			isa = PBXFrameworksBuildPhase;
			buildActionMask = 2147483647;
			files = (
				07DBB1BC1CCB00F900D68648 /* SynthFramework.framework in Frameworks */,
			);
			runOnlyForDeploymentPostprocessing = 0;
		};
/* End PBXFrameworksBuildPhase section */

/* Begin PBXGroup section */
		071D1BE41CD83E0700A762CC /* DCA */ = {
			isa = PBXGroup;
			children = (
				071D1BE01CD83DFF00A762CC /* DCA.h */,
				071D1BE11CD83DFF00A762CC /* DCA.m */,
				071D1BF31CE1785200A762CC /* DCAViewController.h */,
				071D1BF41CE1785200A762CC /* DCAViewController.m */,
			);
			name = DCA;
			sourceTree = "<group>";
		};
		071D1BEE1CD9932200A762CC /* EnvelopeGenerator */ = {
			isa = PBXGroup;
			children = (
				071D1BEA1CD9931E00A762CC /* EnvelopeGenerator.h */,
				071D1BEB1CD9931E00A762CC /* EnvelopeGenerator.m */,
				071D1BEF1CDD6D2000A762CC /* EnvelopeGeneratorViewController.h */,
				071D1BF01CDD6D2000A762CC /* EnvelopeGeneratorViewController.m */,
			);
			name = EnvelopeGenerator;
			sourceTree = "<group>";
		};
		075D4F001CCB232D001D95E4 /* SynthExtension */ = {
			isa = PBXGroup;
			children = (
				07FFA43F1CD7DCA300F03350 /* SynthAUViewController+AUAudioUnitFactory.h */,
				07FFA4401CD7DCA300F03350 /* SynthAUViewController+AUAudioUnitFactory.m */,
				07FFA43E1CD7DCA300F03350 /* Info.plist */,
			);
			name = SynthExtension;
			path = WaveSynthExtension;
			sourceTree = "<group>";
		};
		075F69C11CCD904400C7E651 /* MIDIEvent */ = {
			isa = PBXGroup;
			children = (
				07FFA4271CD7DC4700F03350 /* MIDIEvent.h */,
				07FFA4281CD7DC4700F03350 /* MIDIEvent.m */,
			);
			name = MIDIEvent;
			sourceTree = "<group>";
		};
		07B82E701CC09E2D0052AF5A /* MIDI */ = {
			isa = PBXGroup;
			children = (
				07407EE81CD5A1ED00BBE231 /* MIDIConstants.h */,
				07407EE91CD5A1ED00BBE231 /* MIDILogs.h */,
				07407EEA1CD5A1ED00BBE231 /* MIDILogs.m */,
				07407EEB1CD5A1ED00BBE231 /* MIDIManager.h */,
				07407EEC1CD5A1ED00BBE231 /* MIDIManager.m */,
			);
			name = MIDI;
			sourceTree = "<group>";
		};
		07DBB12C1CC6CADC00D68648 /* AudioEngine */ = {
			isa = PBXGroup;
			children = (
				07407EE51CD5A1D800BBE231 /* AudioEngine.h */,
				07407EE61CD5A1D800BBE231 /* AudioEngine.m */,
			);
			name = AudioEngine;
			sourceTree = "<group>";
		};
		07DBB1521CC83B0E00D68648 /* Oscillator */ = {
			isa = PBXGroup;
			children = (
				07FFA42A1CD7DC5500F03350 /* Oscillator.h */,
				07FFA42B1CD7DC5500F03350 /* Oscillator.m */,
				071D1BF71CE185CB00A762CC /* OscillatorViewController.h */,
				071D1BF81CE185CB00A762CC /* OscillatorViewController.m */,
			);
			name = Oscillator;
			path = ../SineSynth;
			sourceTree = "<group>";
		};
		07DBB1B61CCB00F900D68648 /* SynthFramework */ = {
			isa = PBXGroup;
			children = (
				071D1BE41CD83E0700A762CC /* DCA */,
				071D1BEE1CD9932200A762CC /* EnvelopeGenerator */,
				07DBB1CA1CCB097400D68648 /* DSPKernel */,
				075F69C11CCD904400C7E651 /* MIDIEvent */,
				07DBB1521CC83B0E00D68648 /* Oscillator */,
				07FFA42E1CD7DC7100F03350 /* SynthAU.h */,
				07FFA42F1CD7DC7100F03350 /* SynthAU.mm */,
				07FFA4341CD7DC7100F03350 /* SynthProc.hpp */,
				07FFA4351CD7DC7100F03350 /* SynthProc.mm */,
				07FFA4301CD7DC7100F03350 /* SynthAUViewController.h */,
				07FFA4541CD7DFA400F03350 /* SynthAUViewController.m */,
				07FFA4321CD7DC7100F03350 /* SynthConstants.h */,
				07FFA4361CD7DC7100F03350 /* Utility.hpp */,
				07FFA43B1CD7DC7B00F03350 /* MainInterface.storyboard */,
				07FD040F1CCC6EF900BA14BB /* Supporting Files */,
			);
			name = SynthFramework;
			path = WaveSynthFramework;
			sourceTree = "<group>";
		};
		07DBB1CA1CCB097400D68648 /* DSPKernel */ = {
			isa = PBXGroup;
			children = (
				07FFA4231CD7DC3800F03350 /* BufferedAudioBus.hpp */,
				07FFA4241CD7DC3800F03350 /* DSPKernel.hpp */,
				07FFA4251CD7DC3800F03350 /* DSPKernel.mm */,
			);
			name = DSPKernel;
			sourceTree = "<group>";
		};
		07FC1E7C1CC09D2C00C4AD6B = {
			isa = PBXGroup;
			children = (
				07FC1E871CC09D2D00C4AD6B /* BasicSynthApp */,
				07DBB1B61CCB00F900D68648 /* SynthFramework */,
				075D4F001CCB232D001D95E4 /* SynthExtension */,
				07FC1E861CC09D2D00C4AD6B /* Products */,
			);
			sourceTree = "<group>";
		};
		07FC1E861CC09D2D00C4AD6B /* Products */ = {
			isa = PBXGroup;
			children = (
				07FC1E851CC09D2D00C4AD6B /* BasicSynth.app */,
				07DBB1B51CCB00F900D68648 /* SynthFramework.framework */,
				075D4EFF1CCB232D001D95E4 /* SynthExtension.appex */,
			);
			name = Products;
			sourceTree = "<group>";
		};
		07FC1E871CC09D2D00C4AD6B /* BasicSynthApp */ = {
			isa = PBXGroup;
			children = (
				07DBB12C1CC6CADC00D68648 /* AudioEngine */,
				07B82E701CC09E2D0052AF5A /* MIDI */,
				07407EEF1CD5A20F00BBE231 /* AppDelegate.h */,
				07407EF01CD5A20F00BBE231 /* AppDelegate.m */,
				07407F001CD5A23600BBE231 /* Main.storyboard */,
				07407EF51CD5A20F00BBE231 /* MainViewController.h */,
				07407EF61CD5A20F00BBE231 /* MainViewController.m */,
				07407EF71CD5A20F00BBE231 /* Utility.h */,
				07FC1E881CC09D2D00C4AD6B /* Supporting Files */,
			);
			name = BasicSynthApp;
			path = AUInstrument;
			sourceTree = "<group>";
		};
		07FC1E881CC09D2D00C4AD6B /* Supporting Files */ = {
			isa = PBXGroup;
			children = (
				07407EF11CD5A20F00BBE231 /* Assets.xcassets */,
				07407EF31CD5A20F00BBE231 /* Info.plist */,
				07407EFE1CD5A23600BBE231 /* LaunchScreen.storyboard */,
				07407EF41CD5A20F00BBE231 /* main.m */,
			);
			name = "Supporting Files";
			sourceTree = "<group>";
		};
		07FD040F1CCC6EF900BA14BB /* Supporting Files */ = {
			isa = PBXGroup;
			children = (
				07FFA42D1CD7DC7100F03350 /* Info.plist */,
				07FFA4331CD7DC7100F03350 /* SynthFramework.h */,
			);
			name = "Supporting Files";
			sourceTree = "<group>";
		};
/* End PBXGroup section */

/* Begin PBXHeadersBuildPhase section */
		07DBB1B21CCB00F900D68648 /* Headers */ = {
			isa = PBXHeadersBuildPhase;
			buildActionMask = 2147483647;
			files = (
				071D1BF11CDD6D2000A762CC /* EnvelopeGeneratorViewController.h in Headers */,
				071D1BE21CD83DFF00A762CC /* DCA.h in Headers */,
				07FFA4531CD7DD3200F03350 /* SynthFramework.h in Headers */,
				07FFA4501CD7DD3200F03350 /* SynthConstants.h in Headers */,
				07FFA44E1CD7DD3200F03350 /* SynthAU.h in Headers */,
				07FFA44F1CD7DD3200F03350 /* SynthAUViewController.h in Headers */,
				071D1BF51CE1785200A762CC /* DCAViewController.h in Headers */,
				07FFA44A1CD7DD3200F03350 /* BufferedAudioBus.hpp in Headers */,
				07FFA44B1CD7DD3200F03350 /* DSPKernel.hpp in Headers */,
				07FFA44C1CD7DD3200F03350 /* MIDIEvent.h in Headers */,
				07FFA44D1CD7DD3200F03350 /* Oscillator.h in Headers */,
				07FFA4511CD7DD3200F03350 /* SynthProc.hpp in Headers */,
				071D1BF91CE185CB00A762CC /* OscillatorViewController.h in Headers */,
				071D1BEC1CD9931E00A762CC /* EnvelopeGenerator.h in Headers */,
				07FFA4521CD7DD3200F03350 /* Utility.hpp in Headers */,
			);
			runOnlyForDeploymentPostprocessing = 0;
		};
/* End PBXHeadersBuildPhase section */

/* Begin PBXNativeTarget section */
		075D4EFE1CCB232D001D95E4 /* SynthExtension */ = {
			isa = PBXNativeTarget;
			buildConfigurationList = 075D4F0E1CCB232D001D95E4 /* Build configuration list for PBXNativeTarget "SynthExtension" */;
			buildPhases = (
				075D4EFB1CCB232D001D95E4 /* Sources */,
				075D4EFC1CCB232D001D95E4 /* Frameworks */,
				075D4EFD1CCB232D001D95E4 /* Resources */,
			);
			buildRules = (
			);
			dependencies = (
				0765D8981CCF0C8400DE7A19 /* PBXTargetDependency */,
			);
			name = SynthExtension;
			productName = WaveSynthExtension;
			productReference = 075D4EFF1CCB232D001D95E4 /* SynthExtension.appex */;
			productType = "com.apple.product-type.app-extension";
		};
		07DBB1B41CCB00F900D68648 /* SynthFramework */ = {
			isa = PBXNativeTarget;
			buildConfigurationList = 07DBB1BE1CCB00F900D68648 /* Build configuration list for PBXNativeTarget "SynthFramework" */;
			buildPhases = (
				07DBB1B01CCB00F900D68648 /* Sources */,
				07DBB1B11CCB00F900D68648 /* Frameworks */,
				07DBB1B21CCB00F900D68648 /* Headers */,
				07DBB1B31CCB00F900D68648 /* Resources */,
			);
			buildRules = (
			);
			dependencies = (
			);
			name = SynthFramework;
			productName = WaveSynthFramework;
			productReference = 07DBB1B51CCB00F900D68648 /* SynthFramework.framework */;
			productType = "com.apple.product-type.framework";
		};
		07FC1E841CC09D2C00C4AD6B /* BasicSynth */ = {
			isa = PBXNativeTarget;
			buildConfigurationList = 07FC1E9C1CC09D2D00C4AD6B /* Build configuration list for PBXNativeTarget "BasicSynth" */;
			buildPhases = (
				07FC1E811CC09D2C00C4AD6B /* Sources */,
				07FC1E821CC09D2C00C4AD6B /* Frameworks */,
				07FC1E831CC09D2C00C4AD6B /* Resources */,
				07DBB1C11CCB00F900D68648 /* Embed Frameworks */,
				07DBB1491CC71B3A00D68648 /* Embed App Extensions */,
			);
			buildRules = (
			);
			dependencies = (
				07DBB1BB1CCB00F900D68648 /* PBXTargetDependency */,
				075D4F0C1CCB232D001D95E4 /* PBXTargetDependency */,
			);
			name = BasicSynth;
			productName = AUInstrument;
			productReference = 07FC1E851CC09D2D00C4AD6B /* BasicSynth.app */;
			productType = "com.apple.product-type.application";
		};
/* End PBXNativeTarget section */

/* Begin PBXProject section */
		07FC1E7D1CC09D2C00C4AD6B /* Project object */ = {
			isa = PBXProject;
			attributes = {
				LastUpgradeCheck = 0730;
				ORGANIZATIONNAME = "Eric George";
				TargetAttributes = {
					075D4EFE1CCB232D001D95E4 = {
						CreatedOnToolsVersion = 7.3;
						DevelopmentTeam = 6Q6V5XHE7R;
					};
					07DBB1B41CCB00F900D68648 = {
						CreatedOnToolsVersion = 7.3;
					};
					07FC1E841CC09D2C00C4AD6B = {
						CreatedOnToolsVersion = 7.3;
					};
				};
			};
			buildConfigurationList = 07FC1E801CC09D2C00C4AD6B /* Build configuration list for PBXProject "BasicSynth" */;
			compatibilityVersion = "Xcode 3.2";
			developmentRegion = English;
			hasScannedForEncodings = 0;
			knownRegions = (
				en,
				Base,
			);
			mainGroup = 07FC1E7C1CC09D2C00C4AD6B;
			productRefGroup = 07FC1E861CC09D2D00C4AD6B /* Products */;
			projectDirPath = "";
			projectRoot = "";
			targets = (
				07FC1E841CC09D2C00C4AD6B /* BasicSynth */,
				07DBB1B41CCB00F900D68648 /* SynthFramework */,
				075D4EFE1CCB232D001D95E4 /* SynthExtension */,
			);
		};
/* End PBXProject section */

/* Begin PBXResourcesBuildPhase section */
		075D4EFD1CCB232D001D95E4 /* Resources */ = {
			isa = PBXResourcesBuildPhase;
			buildActionMask = 2147483647;
			files = (
				071D1BDF1CD7EFAC00A762CC /* MainInterface.storyboard in Resources */,
			);
			runOnlyForDeploymentPostprocessing = 0;
		};
		07DBB1B31CCB00F900D68648 /* Resources */ = {
			isa = PBXResourcesBuildPhase;
			buildActionMask = 2147483647;
			files = (
				071D1BDE1CD7EFAB00A762CC /* MainInterface.storyboard in Resources */,
			);
			runOnlyForDeploymentPostprocessing = 0;
		};
		07FC1E831CC09D2C00C4AD6B /* Resources */ = {
			isa = PBXResourcesBuildPhase;
			buildActionMask = 2147483647;
			files = (
				07FFA4371CD7DC7100F03350 /* Info.plist in Resources */,
				07FFA43D1CD7DC7B00F03350 /* MainInterface.storyboard in Resources */,
				07FFA4411CD7DCA300F03350 /* Info.plist in Resources */,
				07407F021CD5A23600BBE231 /* LaunchScreen.storyboard in Resources */,
				07407EF91CD5A20F00BBE231 /* Assets.xcassets in Resources */,
				07407F031CD5A23600BBE231 /* Main.storyboard in Resources */,
			);
			runOnlyForDeploymentPostprocessing = 0;
		};
/* End PBXResourcesBuildPhase section */

/* Begin PBXSourcesBuildPhase section */
		075D4EFB1CCB232D001D95E4 /* Sources */ = {
			isa = PBXSourcesBuildPhase;
			buildActionMask = 2147483647;
			files = (
				07FFA4431CD7DCED00F03350 /* SynthAUViewController+AUAudioUnitFactory.m in Sources */,
			);
			runOnlyForDeploymentPostprocessing = 0;
		};
		07DBB1B01CCB00F900D68648 /* Sources */ = {
			isa = PBXSourcesBuildPhase;
			buildActionMask = 2147483647;
			files = (
				07FFA4561CD7DFB800F03350 /* SynthAUViewController.m in Sources */,
				07FFA4441CD7DD1B00F03350 /* DSPKernel.mm in Sources */,
				07FFA4451CD7DD1B00F03350 /* MIDIEvent.m in Sources */,
				071D1BED1CD9931E00A762CC /* EnvelopeGenerator.m in Sources */,
				071D1BE31CD83DFF00A762CC /* DCA.m in Sources */,
				071D1BF61CE1785200A762CC /* DCAViewController.m in Sources */,
				071D1BFA1CE185CB00A762CC /* OscillatorViewController.m in Sources */,
				07FFA4461CD7DD1B00F03350 /* Oscillator.m in Sources */,
				07FFA4471CD7DD1B00F03350 /* SynthAU.mm in Sources */,
				07FFA4491CD7DD1B00F03350 /* SynthProc.mm in Sources */,
				071D1BF21CDD6D2000A762CC /* EnvelopeGeneratorViewController.m in Sources */,
			);
			runOnlyForDeploymentPostprocessing = 0;
		};
		07FC1E811CC09D2C00C4AD6B /* Sources */ = {
			isa = PBXSourcesBuildPhase;
			buildActionMask = 2147483647;
			files = (
				07407EFC1CD5A20F00BBE231 /* main.m in Sources */,
				07407EFD1CD5A20F00BBE231 /* MainViewController.m in Sources */,
				07407EF81CD5A20F00BBE231 /* AppDelegate.m in Sources */,
				07407EED1CD5A1ED00BBE231 /* MIDILogs.m in Sources */,
				07407EE71CD5A1D800BBE231 /* AudioEngine.m in Sources */,
				07407EEE1CD5A1ED00BBE231 /* MIDIManager.m in Sources */,
			);
			runOnlyForDeploymentPostprocessing = 0;
		};
/* End PBXSourcesBuildPhase section */

/* Begin PBXTargetDependency section */
		075D4F0C1CCB232D001D95E4 /* PBXTargetDependency */ = {
			isa = PBXTargetDependency;
			target = 075D4EFE1CCB232D001D95E4 /* SynthExtension */;
			targetProxy = 075D4F0B1CCB232D001D95E4 /* PBXContainerItemProxy */;
		};
		0765D8981CCF0C8400DE7A19 /* PBXTargetDependency */ = {
			isa = PBXTargetDependency;
			target = 07DBB1B41CCB00F900D68648 /* SynthFramework */;
			targetProxy = 0765D8971CCF0C8400DE7A19 /* PBXContainerItemProxy */;
		};
		07DBB1BB1CCB00F900D68648 /* PBXTargetDependency */ = {
			isa = PBXTargetDependency;
			target = 07DBB1B41CCB00F900D68648 /* SynthFramework */;
			targetProxy = 07DBB1BA1CCB00F900D68648 /* PBXContainerItemProxy */;
		};
/* End PBXTargetDependency section */

/* Begin PBXVariantGroup section */
		07407EFE1CD5A23600BBE231 /* LaunchScreen.storyboard */ = {
			isa = PBXVariantGroup;
			children = (
				07407EFF1CD5A23600BBE231 /* Base */,
			);
			name = LaunchScreen.storyboard;
			sourceTree = "<group>";
		};
		07407F001CD5A23600BBE231 /* Main.storyboard */ = {
			isa = PBXVariantGroup;
			children = (
				07407F011CD5A23600BBE231 /* Base */,
			);
			name = Main.storyboard;
			sourceTree = "<group>";
		};
		07FFA43B1CD7DC7B00F03350 /* MainInterface.storyboard */ = {
			isa = PBXVariantGroup;
			children = (
				07FFA43C1CD7DC7B00F03350 /* Base */,
			);
			name = MainInterface.storyboard;
			sourceTree = "<group>";
		};
/* End PBXVariantGroup section */

/* Begin XCBuildConfiguration section */
		075D4F0F1CCB232D001D95E4 /* Debug */ = {
			isa = XCBuildConfiguration;
			buildSettings = {
				CLANG_ALLOW_NON_MODULAR_INCLUDES_IN_FRAMEWORK_MODULES = NO;
				CODE_SIGN_IDENTITY = "iPhone Developer";
				"CODE_SIGN_IDENTITY[sdk=iphoneos*]" = "iPhone Developer";
				INFOPLIST_FILE = SynthExtension/Info.plist;
				LD_RUNPATH_SEARCH_PATHS = "$(inherited) @executable_path/Frameworks @executable_path/../../Frameworks";
				PRODUCT_BUNDLE_IDENTIFIER = EEGE.BasicSynth.SynthExtension;
				PRODUCT_NAME = "$(TARGET_NAME)";
				PROVISIONING_PROFILE = "";
				SKIP_INSTALL = YES;
			};
			name = Debug;
		};
		075D4F101CCB232D001D95E4 /* Release */ = {
			isa = XCBuildConfiguration;
			buildSettings = {
				CLANG_ALLOW_NON_MODULAR_INCLUDES_IN_FRAMEWORK_MODULES = NO;
				CODE_SIGN_IDENTITY = "iPhone Developer";
				"CODE_SIGN_IDENTITY[sdk=iphoneos*]" = "iPhone Developer";
				INFOPLIST_FILE = SynthExtension/Info.plist;
				LD_RUNPATH_SEARCH_PATHS = "$(inherited) @executable_path/Frameworks @executable_path/../../Frameworks";
				PRODUCT_BUNDLE_IDENTIFIER = EEGE.BasicSynth.SynthExtension;
				PRODUCT_NAME = "$(TARGET_NAME)";
				PROVISIONING_PROFILE = "";
				SKIP_INSTALL = YES;
			};
			name = Release;
		};
		07DBB1BF1CCB00F900D68648 /* Debug */ = {
			isa = XCBuildConfiguration;
			buildSettings = {
				APPLICATION_EXTENSION_API_ONLY = YES;
				CLANG_ALLOW_NON_MODULAR_INCLUDES_IN_FRAMEWORK_MODULES = NO;
				CODE_SIGN_IDENTITY = "iPhone Developer";
				CURRENT_PROJECT_VERSION = 1;
				DEFINES_MODULE = YES;
				DYLIB_COMPATIBILITY_VERSION = 1;
				DYLIB_CURRENT_VERSION = 1;
				DYLIB_INSTALL_NAME_BASE = "@rpath";
				INFOPLIST_FILE = SynthFramework/Info.plist;
				INSTALL_PATH = "$(LOCAL_LIBRARY_DIR)/Frameworks";
				LD_RUNPATH_SEARCH_PATHS = "$(inherited) @executable_path/Frameworks @loader_path/Frameworks";
				PRODUCT_BUNDLE_IDENTIFIER = EEGE.SynthFramework;
				PRODUCT_NAME = "$(TARGET_NAME)";
				SKIP_INSTALL = YES;
				VERSIONING_SYSTEM = "apple-generic";
				VERSION_INFO_PREFIX = "";
			};
			name = Debug;
		};
		07DBB1C01CCB00F900D68648 /* Release */ = {
			isa = XCBuildConfiguration;
			buildSettings = {
				APPLICATION_EXTENSION_API_ONLY = YES;
				CLANG_ALLOW_NON_MODULAR_INCLUDES_IN_FRAMEWORK_MODULES = NO;
				CODE_SIGN_IDENTITY = "iPhone Developer";
				CURRENT_PROJECT_VERSION = 1;
				DEFINES_MODULE = YES;
				DYLIB_COMPATIBILITY_VERSION = 1;
				DYLIB_CURRENT_VERSION = 1;
				DYLIB_INSTALL_NAME_BASE = "@rpath";
				INFOPLIST_FILE = SynthFramework/Info.plist;
				INSTALL_PATH = "$(LOCAL_LIBRARY_DIR)/Frameworks";
				LD_RUNPATH_SEARCH_PATHS = "$(inherited) @executable_path/Frameworks @loader_path/Frameworks";
				PRODUCT_BUNDLE_IDENTIFIER = EEGE.SynthFramework;
				PRODUCT_NAME = "$(TARGET_NAME)";
				SKIP_INSTALL = YES;
				VERSIONING_SYSTEM = "apple-generic";
				VERSION_INFO_PREFIX = "";
			};
			name = Release;
		};
		07FC1E9A1CC09D2D00C4AD6B /* Debug */ = {
			isa = XCBuildConfiguration;
			buildSettings = {
				ALWAYS_SEARCH_USER_PATHS = NO;
				CLANG_ANALYZER_NONNULL = YES;
				CLANG_CXX_LANGUAGE_STANDARD = "gnu++0x";
				CLANG_CXX_LIBRARY = "libc++";
				CLANG_ENABLE_MODULES = YES;
				CLANG_ENABLE_OBJC_ARC = YES;
				CLANG_WARN_BOOL_CONVERSION = YES;
				CLANG_WARN_CONSTANT_CONVERSION = YES;
				CLANG_WARN_DIRECT_OBJC_ISA_USAGE = YES_ERROR;
				CLANG_WARN_EMPTY_BODY = YES;
				CLANG_WARN_ENUM_CONVERSION = YES;
				CLANG_WARN_INT_CONVERSION = YES;
				CLANG_WARN_OBJC_ROOT_CLASS = YES_ERROR;
				CLANG_WARN_UNREACHABLE_CODE = YES;
				CLANG_WARN__DUPLICATE_METHOD_MATCH = YES;
				CODE_SIGN_IDENTITY = "iPhone Developer";
				"CODE_SIGN_IDENTITY[sdk=iphoneos*]" = "iPhone Developer";
				COPY_PHASE_STRIP = NO;
				DEBUG_INFORMATION_FORMAT = dwarf;
				ENABLE_STRICT_OBJC_MSGSEND = YES;
				ENABLE_TESTABILITY = YES;
				GCC_C_LANGUAGE_STANDARD = gnu99;
				GCC_DYNAMIC_NO_PIC = NO;
				GCC_NO_COMMON_BLOCKS = YES;
				GCC_OPTIMIZATION_LEVEL = 0;
				GCC_PREPROCESSOR_DEFINITIONS = (
					"DEBUG=1",
					"$(inherited)",
				);
				GCC_WARN_64_TO_32_BIT_CONVERSION = YES;
				GCC_WARN_ABOUT_RETURN_TYPE = YES_ERROR;
				GCC_WARN_UNDECLARED_SELECTOR = YES;
				GCC_WARN_UNINITIALIZED_AUTOS = YES_AGGRESSIVE;
				GCC_WARN_UNUSED_FUNCTION = YES;
				GCC_WARN_UNUSED_VARIABLE = YES;
				IPHONEOS_DEPLOYMENT_TARGET = 9.3;
				MTL_ENABLE_DEBUG_INFO = YES;
				ONLY_ACTIVE_ARCH = YES;
				SDKROOT = iphoneos;
				TARGETED_DEVICE_FAMILY = "1,2";
			};
			name = Debug;
		};
		07FC1E9B1CC09D2D00C4AD6B /* Release */ = {
			isa = XCBuildConfiguration;
			buildSettings = {
				ALWAYS_SEARCH_USER_PATHS = NO;
				CLANG_ANALYZER_NONNULL = YES;
				CLANG_CXX_LANGUAGE_STANDARD = "gnu++0x";
				CLANG_CXX_LIBRARY = "libc++";
				CLANG_ENABLE_MODULES = YES;
				CLANG_ENABLE_OBJC_ARC = YES;
				CLANG_WARN_BOOL_CONVERSION = YES;
				CLANG_WARN_CONSTANT_CONVERSION = YES;
				CLANG_WARN_DIRECT_OBJC_ISA_USAGE = YES_ERROR;
				CLANG_WARN_EMPTY_BODY = YES;
				CLANG_WARN_ENUM_CONVERSION = YES;
				CLANG_WARN_INT_CONVERSION = YES;
				CLANG_WARN_OBJC_ROOT_CLASS = YES_ERROR;
				CLANG_WARN_UNREACHABLE_CODE = YES;
				CLANG_WARN__DUPLICATE_METHOD_MATCH = YES;
				CODE_SIGN_IDENTITY = "iPhone Developer";
				"CODE_SIGN_IDENTITY[sdk=iphoneos*]" = "iPhone Developer";
				COPY_PHASE_STRIP = NO;
				DEBUG_INFORMATION_FORMAT = "dwarf-with-dsym";
				ENABLE_NS_ASSERTIONS = NO;
				ENABLE_STRICT_OBJC_MSGSEND = YES;
				GCC_C_LANGUAGE_STANDARD = gnu99;
				GCC_NO_COMMON_BLOCKS = YES;
				GCC_WARN_64_TO_32_BIT_CONVERSION = YES;
				GCC_WARN_ABOUT_RETURN_TYPE = YES_ERROR;
				GCC_WARN_UNDECLARED_SELECTOR = YES;
				GCC_WARN_UNINITIALIZED_AUTOS = YES_AGGRESSIVE;
				GCC_WARN_UNUSED_FUNCTION = YES;
				GCC_WARN_UNUSED_VARIABLE = YES;
				IPHONEOS_DEPLOYMENT_TARGET = 9.3;
				MTL_ENABLE_DEBUG_INFO = NO;
				SDKROOT = iphoneos;
				TARGETED_DEVICE_FAMILY = "1,2";
				VALIDATE_PRODUCT = YES;
			};
			name = Release;
		};
		07FC1E9D1CC09D2D00C4AD6B /* Debug */ = {
			isa = XCBuildConfiguration;
			buildSettings = {
				ASSETCATALOG_COMPILER_APPICON_NAME = AppIcon;
				CLANG_ALLOW_NON_MODULAR_INCLUDES_IN_FRAMEWORK_MODULES = NO;
				CODE_SIGN_IDENTITY = "iPhone Developer";
				INFOPLIST_FILE = BasicSynth/Info.plist;
				LD_RUNPATH_SEARCH_PATHS = "$(inherited) @executable_path/Frameworks";
				PRODUCT_BUNDLE_IDENTIFIER = EEGE.BasicSynth;
				PRODUCT_NAME = BasicSynth;
			};
			name = Debug;
		};
		07FC1E9E1CC09D2D00C4AD6B /* Release */ = {
			isa = XCBuildConfiguration;
			buildSettings = {
				ASSETCATALOG_COMPILER_APPICON_NAME = AppIcon;
				CLANG_ALLOW_NON_MODULAR_INCLUDES_IN_FRAMEWORK_MODULES = NO;
				CODE_SIGN_IDENTITY = "iPhone Developer";
				INFOPLIST_FILE = BasicSynth/Info.plist;
				LD_RUNPATH_SEARCH_PATHS = "$(inherited) @executable_path/Frameworks";
				PRODUCT_BUNDLE_IDENTIFIER = EEGE.BasicSynth;
				PRODUCT_NAME = BasicSynth;
			};
			name = Release;
		};
/* End XCBuildConfiguration section */

/* Begin XCConfigurationList section */
		075D4F0E1CCB232D001D95E4 /* Build configuration list for PBXNativeTarget "SynthExtension" */ = {
			isa = XCConfigurationList;
			buildConfigurations = (
				075D4F0F1CCB232D001D95E4 /* Debug */,
				075D4F101CCB232D001D95E4 /* Release */,
			);
			defaultConfigurationIsVisible = 0;
			defaultConfigurationName = Release;
		};
		07DBB1BE1CCB00F900D68648 /* Build configuration list for PBXNativeTarget "SynthFramework" */ = {
			isa = XCConfigurationList;
			buildConfigurations = (
				07DBB1BF1CCB00F900D68648 /* Debug */,
				07DBB1C01CCB00F900D68648 /* Release */,
			);
			defaultConfigurationIsVisible = 0;
			defaultConfigurationName = Release;
		};
		07FC1E801CC09D2C00C4AD6B /* Build configuration list for PBXProject "BasicSynth" */ = {
			isa = XCConfigurationList;
			buildConfigurations = (
				07FC1E9A1CC09D2D00C4AD6B /* Debug */,
				07FC1E9B1CC09D2D00C4AD6B /* Release */,
			);
			defaultConfigurationIsVisible = 0;
			defaultConfigurationName = Release;
		};
		07FC1E9C1CC09D2D00C4AD6B /* Build configuration list for PBXNativeTarget "BasicSynth" */ = {
			isa = XCConfigurationList;
			buildConfigurations = (
				07FC1E9D1CC09D2D00C4AD6B /* Debug */,
				07FC1E9E1CC09D2D00C4AD6B /* Release */,
			);
			defaultConfigurationIsVisible = 0;
			defaultConfigurationName = Release;
		};
/* End XCConfigurationList section */
	};
	rootObject = 07FC1E7D1CC09D2C00C4AD6B /* Project object */;
}
